
Microsoft Visual Studio Solution File, Format Version 12.00
# Visual Studio 2012
Project("{8BC9CEB8-8B4A-11D0-8D11-00A0C91BC942}") = "2 vectori pointeri", "2 vectori pointeri\2 vectori pointeri.vcxproj", "{697157D6-B639-42D5-87E4-D009BD8E7A2A}"
EndProject
Global
	GlobalSection(SolutionConfigurationPlatforms) = preSolution
		Debug|Win32 = Debug|Win32
		Release|Win32 = Release|Win32
	EndGlobalSection
	GlobalSection(ProjectConfigurationPlatforms) = postSolution
		{697157D6-B639-42D5-87E4-D009BD8E7A2A}.Debug|Win32.ActiveCfg = Debug|Win32
		{697157D6-B639-42D5-87E4-D009BD8E7A2A}.Debug|Win32.Build.0 = Debug|Win32
		{697157D6-B639-42D5-87E4-D009BD8E7A2A}.Release|Win32.ActiveCfg = Release|Win32
		{697157D6-B639-42D5-87E4-D009BD8E7A2A}.Release|Win32.Build.0 = Release|Win32
	EndGlobalSection
	GlobalSection(SolutionProperties) = preSolution
		HideSolutionNode = FALSE
	EndGlobalSection
EndGlobal
